# Generated by pub
# See https://www.dartlang.org/tools/pub/glossary#lockfile
packages:
  dart_amqp:
    dependency: "direct main"
    description:
      name: dart_amqp
      url: "https://pub.dartlang.org"
    source: hosted
    version: "0.1.1"
  logging:
    dependency: transitive
    description:
      name: logging
      url: "https://pub.dartlang.org"
    source: hosted
    version: "0.11.3+2"
sdks:
  dart: ">=2.0.0-dev <3.0.0"
