{"1.2.0",
[{<<"amqp_client">>,{pkg,<<"amqp_client">>,<<"4.0.3">>},0},
 {<<"credentials_obfuscation">>,
  {pkg,<<"credentials_obfuscation">>,<<"3.4.0">>},
  1},
 {<<"quickrand">>,
  {git,"https://github.com/okeuday/quickrand.git",
       {ref,"65332de501998764f437c3ffe05d744f582d7622"}},
  1},
 {<<"rabbit_common">>,{pkg,<<"rabbit_common">>,<<"4.0.3">>},1},
 {<<"ranch">>,{pkg,<<"ranch">>,<<"2.1.0">>},2},
 {<<"recon">>,{pkg,<<"recon">>,<<"2.5.6">>},2},
 {<<"thoas">>,{pkg,<<"thoas">>,<<"1.2.1">>},2},
 {<<"uuid">>,
  {git,"https://github.com/okeuday/uuid.git",
       {ref,"63e32cdad70693495163ab131456905e827a5e36"}},
  0}]}.
[
{pkg_hash,[
 {<<"amqp_client">>, <<"C7DCC8031C780CD39EC586BA827A8EB26E006E9761AF8D3F58FDED11F645EBD4">>},
 {<<"credentials_obfuscation">>, <<"34E18B126B3AEFD6E8143776FBE1CECEEA6792307C99AC5EE8687911F048CFD7">>},
 {<<"rabbit_common">>, <<"E927B882733D122F6802662220BDB1A83774852DBE67D21D4E33AAF54F3998DD">>},
 {<<"ranch">>, <<"2261F9ED9574DCFCC444106B9F6DA155E6E540B2F82BA3D42B339B93673B72A3">>},
 {<<"recon">>, <<"9052588E83BFEDFD9B72E1034532AEE2A5369D9D9343B61AEB7FBCE761010741">>},
 {<<"thoas">>, <<"19A25F31177A17E74004D4840F66D791D4298C5738790FA2CC73731EB911F195">>}]},
{pkg_hash_ext,[
 {<<"amqp_client">>, <<"AE945F7280617E9A4B17A6D49E3A2F496D716E8088EC29D8E94ECC79E5DA7458">>},
 {<<"credentials_obfuscation">>, <<"738ACE0ED5545D2710D3F7383906FC6F6B582D019036E5269C4DBD85DBCED566">>},
 {<<"rabbit_common">>, <<"EAD31BA292C2CC5FDA48A486417D7CFE8966F661994D7ED6C3E5F8840828E8EC">>},
 {<<"ranch">>, <<"244EE3FA2A6175270D8E1FC59024FD9DBC76294A321057DE8F803B1479E76916">>},
 {<<"recon">>, <<"96C6799792D735CC0F0FD0F86267E9D351E63339CBE03DF9D162010CEFC26BB0">>},
 {<<"thoas">>, <<"E38697EDFFD6E91BD12CEA41B155115282630075C2A727E7A6B2947F5408B86A">>}]}
].
