// !$*UTF8*$!
{
	archiveVersion = 1;
	classes = {
	};
	objectVersion = 46;
	objects = {

/* Begin PBXBuildFile section */
		AEF0F7AB1CCEC50A007DAF85 /* main.m in Sources */ = {isa = PBXBuildFile; fileRef = AEF0F7AA1CCEC50A007DAF85 /* main.m */; };
		AEF0F7AE1CCEC50A007DAF85 /* AppDelegate.m in Sources */ = {isa = PBXBuildFile; fileRef = AEF0F7AD1CCEC50A007DAF85 /* AppDelegate.m */; };
		AEF0F7B11CCEC50A007DAF85 /* ViewController.m in Sources */ = {isa = PBXBuildFile; fileRef = AEF0F7B01CCEC50A007DAF85 /* ViewController.m */; };
		AEF0F7B41CCEC50A007DAF85 /* Main.storyboard in Resources */ = {isa = PBXBuildFile; fileRef = AEF0F7B21CCEC50A007DAF85 /* Main.storyboard */; };
		AEF0F7B61CCEC50A007DAF85 /* Assets.xcassets in Resources */ = {isa = PBXBuildFile; fileRef = AEF0F7B51CCEC50A007DAF85 /* Assets.xcassets */; };
		AEF0F7B91CCEC50A007DAF85 /* LaunchScreen.storyboard in Resources */ = {isa = PBXBuildFile; fileRef = AEF0F7B71CCEC50A007DAF85 /* LaunchScreen.storyboard */; };
		AEF0F7C11CCEC5BE007DAF85 /* RMQClient.framework in Frameworks */ = {isa = PBXBuildFile; fileRef = AEF0F7C01CCEC5BE007DAF85 /* RMQClient.framework */; };
		AEF0F7C31CCEC5CB007DAF85 /* RMQClient.framework in CopyFiles */ = {isa = PBXBuildFile; fileRef = AEF0F7C01CCEC5BE007DAF85 /* RMQClient.framework */; settings = {ATTRIBUTES = (CodeSignOnCopy, RemoveHeadersOnCopy, ); }; };
/* End PBXBuildFile section */

/* Begin PBXCopyFilesBuildPhase section */
		AEF0F7C21CCEC5C2007DAF85 /* CopyFiles */ = {
			isa = PBXCopyFilesBuildPhase;
			buildActionMask = 2147483647;
			dstPath = "";
			dstSubfolderSpec = 10;
			files = (
				AEF0F7C31CCEC5CB007DAF85 /* RMQClient.framework in CopyFiles */,
			);
			runOnlyForDeploymentPostprocessing = 0;
		};
/* End PBXCopyFilesBuildPhase section */

/* Begin PBXFileReference section */
		AEF0F7A61CCEC50A007DAF85 /* tutorial4.app */ = {isa = PBXFileReference; explicitFileType = wrapper.application; includeInIndex = 0; path = tutorial4.app; sourceTree = BUILT_PRODUCTS_DIR; };
		AEF0F7AA1CCEC50A007DAF85 /* main.m */ = {isa = PBXFileReference; lastKnownFileType = sourcecode.c.objc; path = main.m; sourceTree = "<group>"; };
		AEF0F7AC1CCEC50A007DAF85 /* AppDelegate.h */ = {isa = PBXFileReference; lastKnownFileType = sourcecode.c.h; path = AppDelegate.h; sourceTree = "<group>"; };
		AEF0F7AD1CCEC50A007DAF85 /* AppDelegate.m */ = {isa = PBXFileReference; lastKnownFileType = sourcecode.c.objc; path = AppDelegate.m; sourceTree = "<group>"; };
		AEF0F7AF1CCEC50A007DAF85 /* ViewController.h */ = {isa = PBXFileReference; lastKnownFileType = sourcecode.c.h; path = ViewController.h; sourceTree = "<group>"; };
		AEF0F7B01CCEC50A007DAF85 /* ViewController.m */ = {isa = PBXFileReference; lastKnownFileType = sourcecode.c.objc; path = ViewController.m; sourceTree = "<group>"; };
		AEF0F7B31CCEC50A007DAF85 /* Base */ = {isa = PBXFileReference; lastKnownFileType = file.storyboard; name = Base; path = Base.lproj/Main.storyboard; sourceTree = "<group>"; };
		AEF0F7B51CCEC50A007DAF85 /* Assets.xcassets */ = {isa = PBXFileReference; lastKnownFileType = folder.assetcatalog; path = Assets.xcassets; sourceTree = "<group>"; };
		AEF0F7B81CCEC50A007DAF85 /* Base */ = {isa = PBXFileReference; lastKnownFileType = file.storyboard; name = Base; path = Base.lproj/LaunchScreen.storyboard; sourceTree = "<group>"; };
		AEF0F7BA1CCEC50A007DAF85 /* Info.plist */ = {isa = PBXFileReference; lastKnownFileType = text.plist.xml; path = Info.plist; sourceTree = "<group>"; };
		AEF0F7C01CCEC5BE007DAF85 /* RMQClient.framework */ = {isa = PBXFileReference; lastKnownFileType = wrapper.framework; name = RMQClient.framework; path = Carthage/Build/iOS/RMQClient.framework; sourceTree = "<group>"; };
/* End PBXFileReference section */

/* Begin PBXFrameworksBuildPhase section */
		AEF0F7A31CCEC50A007DAF85 /* Frameworks */ = {
			isa = PBXFrameworksBuildPhase;
			buildActionMask = 2147483647;
			files = (
				AEF0F7C11CCEC5BE007DAF85 /* RMQClient.framework in Frameworks */,
			);
			runOnlyForDeploymentPostprocessing = 0;
		};
/* End PBXFrameworksBuildPhase section */

/* Begin PBXGroup section */
		AEF0F79D1CCEC50A007DAF85 = {
			isa = PBXGroup;
			children = (
				AEF0F7C01CCEC5BE007DAF85 /* RMQClient.framework */,
				AEF0F7A81CCEC50A007DAF85 /* tutorial4 */,
				AEF0F7A71CCEC50A007DAF85 /* Products */,
			);
			sourceTree = "<group>";
		};
		AEF0F7A71CCEC50A007DAF85 /* Products */ = {
			isa = PBXGroup;
			children = (
				AEF0F7A61CCEC50A007DAF85 /* tutorial4.app */,
			);
			name = Products;
			sourceTree = "<group>";
		};
		AEF0F7A81CCEC50A007DAF85 /* tutorial4 */ = {
			isa = PBXGroup;
			children = (
				AEF0F7AC1CCEC50A007DAF85 /* AppDelegate.h */,
				AEF0F7AD1CCEC50A007DAF85 /* AppDelegate.m */,
				AEF0F7AF1CCEC50A007DAF85 /* ViewController.h */,
				AEF0F7B01CCEC50A007DAF85 /* ViewController.m */,
				AEF0F7B21CCEC50A007DAF85 /* Main.storyboard */,
				AEF0F7B51CCEC50A007DAF85 /* Assets.xcassets */,
				AEF0F7B71CCEC50A007DAF85 /* LaunchScreen.storyboard */,
				AEF0F7BA1CCEC50A007DAF85 /* Info.plist */,
				AEF0F7A91CCEC50A007DAF85 /* Supporting Files */,
			);
			path = tutorial4;
			sourceTree = "<group>";
		};
		AEF0F7A91CCEC50A007DAF85 /* Supporting Files */ = {
			isa = PBXGroup;
			children = (
				AEF0F7AA1CCEC50A007DAF85 /* main.m */,
			);
			name = "Supporting Files";
			sourceTree = "<group>";
		};
/* End PBXGroup section */

/* Begin PBXNativeTarget section */
		AEF0F7A51CCEC50A007DAF85 /* tutorial4 */ = {
			isa = PBXNativeTarget;
			buildConfigurationList = AEF0F7BD1CCEC50A007DAF85 /* Build configuration list for PBXNativeTarget "tutorial4" */;
			buildPhases = (
				AEF0F7A21CCEC50A007DAF85 /* Sources */,
				AEF0F7A31CCEC50A007DAF85 /* Frameworks */,
				AEF0F7A41CCEC50A007DAF85 /* Resources */,
				AEF0F7C21CCEC5C2007DAF85 /* CopyFiles */,
			);
			buildRules = (
			);
			dependencies = (
			);
			name = tutorial4;
			productName = tutorial4;
			productReference = AEF0F7A61CCEC50A007DAF85 /* tutorial4.app */;
			productType = "com.apple.product-type.application";
		};
/* End PBXNativeTarget section */

/* Begin PBXProject section */
		AEF0F79E1CCEC50A007DAF85 /* Project object */ = {
			isa = PBXProject;
			attributes = {
				LastUpgradeCheck = 0730;
				ORGANIZATIONNAME = RabbitMQ;
				TargetAttributes = {
					AEF0F7A51CCEC50A007DAF85 = {
						CreatedOnToolsVersion = 7.3;
					};
				};
			};
			buildConfigurationList = AEF0F7A11CCEC50A007DAF85 /* Build configuration list for PBXProject "tutorial4" */;
			compatibilityVersion = "Xcode 3.2";
			developmentRegion = English;
			hasScannedForEncodings = 0;
			knownRegions = (
				en,
				Base,
			);
			mainGroup = AEF0F79D1CCEC50A007DAF85;
			productRefGroup = AEF0F7A71CCEC50A007DAF85 /* Products */;
			projectDirPath = "";
			projectRoot = "";
			targets = (
				AEF0F7A51CCEC50A007DAF85 /* tutorial4 */,
			);
		};
/* End PBXProject section */

/* Begin PBXResourcesBuildPhase section */
		AEF0F7A41CCEC50A007DAF85 /* Resources */ = {
			isa = PBXResourcesBuildPhase;
			buildActionMask = 2147483647;
			files = (
				AEF0F7B91CCEC50A007DAF85 /* LaunchScreen.storyboard in Resources */,
				AEF0F7B61CCEC50A007DAF85 /* Assets.xcassets in Resources */,
				AEF0F7B41CCEC50A007DAF85 /* Main.storyboard in Resources */,
			);
			runOnlyForDeploymentPostprocessing = 0;
		};
/* End PBXResourcesBuildPhase section */

/* Begin PBXSourcesBuildPhase section */
		AEF0F7A21CCEC50A007DAF85 /* Sources */ = {
			isa = PBXSourcesBuildPhase;
			buildActionMask = 2147483647;
			files = (
				AEF0F7B11CCEC50A007DAF85 /* ViewController.m in Sources */,
				AEF0F7AE1CCEC50A007DAF85 /* AppDelegate.m in Sources */,
				AEF0F7AB1CCEC50A007DAF85 /* main.m in Sources */,
			);
			runOnlyForDeploymentPostprocessing = 0;
		};
/* End PBXSourcesBuildPhase section */

/* Begin PBXVariantGroup section */
		AEF0F7B21CCEC50A007DAF85 /* Main.storyboard */ = {
			isa = PBXVariantGroup;
			children = (
				AEF0F7B31CCEC50A007DAF85 /* Base */,
			);
			name = Main.storyboard;
			sourceTree = "<group>";
		};
		AEF0F7B71CCEC50A007DAF85 /* LaunchScreen.storyboard */ = {
			isa = PBXVariantGroup;
			children = (
				AEF0F7B81CCEC50A007DAF85 /* Base */,
			);
			name = LaunchScreen.storyboard;
			sourceTree = "<group>";
		};
/* End PBXVariantGroup section */

/* Begin XCBuildConfiguration section */
		AEF0F7BB1CCEC50A007DAF85 /* Debug */ = {
			isa = XCBuildConfiguration;
			buildSettings = {
				ALWAYS_SEARCH_USER_PATHS = NO;
				CLANG_ANALYZER_NONNULL = YES;
				CLANG_CXX_LANGUAGE_STANDARD = "gnu++0x";
				CLANG_CXX_LIBRARY = "libc++";
				CLANG_ENABLE_MODULES = YES;
				CLANG_ENABLE_OBJC_ARC = YES;
				CLANG_WARN_BOOL_CONVERSION = YES;
				CLANG_WARN_CONSTANT_CONVERSION = YES;
				CLANG_WARN_DIRECT_OBJC_ISA_USAGE = YES_ERROR;
				CLANG_WARN_EMPTY_BODY = YES;
				CLANG_WARN_ENUM_CONVERSION = YES;
				CLANG_WARN_INT_CONVERSION = YES;
				CLANG_WARN_OBJC_ROOT_CLASS = YES_ERROR;
				CLANG_WARN_UNREACHABLE_CODE = YES;
				CLANG_WARN__DUPLICATE_METHOD_MATCH = YES;
				"CODE_SIGN_IDENTITY[sdk=iphoneos*]" = "iPhone Developer";
				COPY_PHASE_STRIP = NO;
				DEBUG_INFORMATION_FORMAT = dwarf;
				ENABLE_STRICT_OBJC_MSGSEND = YES;
				ENABLE_TESTABILITY = YES;
				GCC_C_LANGUAGE_STANDARD = gnu99;
				GCC_DYNAMIC_NO_PIC = NO;
				GCC_NO_COMMON_BLOCKS = YES;
				GCC_OPTIMIZATION_LEVEL = 0;
				GCC_PREPROCESSOR_DEFINITIONS = (
					"DEBUG=1",
					"$(inherited)",
				);
				GCC_WARN_64_TO_32_BIT_CONVERSION = YES;
				GCC_WARN_ABOUT_RETURN_TYPE = YES_ERROR;
				GCC_WARN_UNDECLARED_SELECTOR = YES;
				GCC_WARN_UNINITIALIZED_AUTOS = YES_AGGRESSIVE;
				GCC_WARN_UNUSED_FUNCTION = YES;
				GCC_WARN_UNUSED_VARIABLE = YES;
				IPHONEOS_DEPLOYMENT_TARGET = 9.3;
				MTL_ENABLE_DEBUG_INFO = YES;
				ONLY_ACTIVE_ARCH = YES;
				SDKROOT = iphoneos;
				TARGETED_DEVICE_FAMILY = "1,2";
			};
			name = Debug;
		};
		AEF0F7BC1CCEC50A007DAF85 /* Release */ = {
			isa = XCBuildConfiguration;
			buildSettings = {
				ALWAYS_SEARCH_USER_PATHS = NO;
				CLANG_ANALYZER_NONNULL = YES;
				CLANG_CXX_LANGUAGE_STANDARD = "gnu++0x";
				CLANG_CXX_LIBRARY = "libc++";
				CLANG_ENABLE_MODULES = YES;
				CLANG_ENABLE_OBJC_ARC = YES;
				CLANG_WARN_BOOL_CONVERSION = YES;
				CLANG_WARN_CONSTANT_CONVERSION = YES;
				CLANG_WARN_DIRECT_OBJC_ISA_USAGE = YES_ERROR;
				CLANG_WARN_EMPTY_BODY = YES;
				CLANG_WARN_ENUM_CONVERSION = YES;
				CLANG_WARN_INT_CONVERSION = YES;
				CLANG_WARN_OBJC_ROOT_CLASS = YES_ERROR;
				CLANG_WARN_UNREACHABLE_CODE = YES;
				CLANG_WARN__DUPLICATE_METHOD_MATCH = YES;
				"CODE_SIGN_IDENTITY[sdk=iphoneos*]" = "iPhone Developer";
				COPY_PHASE_STRIP = NO;
				DEBUG_INFORMATION_FORMAT = "dwarf-with-dsym";
				ENABLE_NS_ASSERTIONS = NO;
				ENABLE_STRICT_OBJC_MSGSEND = YES;
				GCC_C_LANGUAGE_STANDARD = gnu99;
				GCC_NO_COMMON_BLOCKS = YES;
				GCC_WARN_64_TO_32_BIT_CONVERSION = YES;
				GCC_WARN_ABOUT_RETURN_TYPE = YES_ERROR;
				GCC_WARN_UNDECLARED_SELECTOR = YES;
				GCC_WARN_UNINITIALIZED_AUTOS = YES_AGGRESSIVE;
				GCC_WARN_UNUSED_FUNCTION = YES;
				GCC_WARN_UNUSED_VARIABLE = YES;
				IPHONEOS_DEPLOYMENT_TARGET = 9.3;
				MTL_ENABLE_DEBUG_INFO = NO;
				SDKROOT = iphoneos;
				TARGETED_DEVICE_FAMILY = "1,2";
				VALIDATE_PRODUCT = YES;
			};
			name = Release;
		};
		AEF0F7BE1CCEC50A007DAF85 /* Debug */ = {
			isa = XCBuildConfiguration;
			buildSettings = {
				ASSETCATALOG_COMPILER_APPICON_NAME = AppIcon;
				FRAMEWORK_SEARCH_PATHS = (
					"$(inherited)",
					"$(PROJECT_DIR)/Carthage/Build/iOS",
				);
				INFOPLIST_FILE = tutorial4/Info.plist;
				LD_RUNPATH_SEARCH_PATHS = "$(inherited) @executable_path/Frameworks";
				PRODUCT_BUNDLE_IDENTIFIER = com.rabbitmq.tutorial4;
				PRODUCT_NAME = "$(TARGET_NAME)";
			};
			name = Debug;
		};
		AEF0F7BF1CCEC50A007DAF85 /* Release */ = {
			isa = XCBuildConfiguration;
			buildSettings = {
				ASSETCATALOG_COMPILER_APPICON_NAME = AppIcon;
				FRAMEWORK_SEARCH_PATHS = (
					"$(inherited)",
					"$(PROJECT_DIR)/Carthage/Build/iOS",
				);
				INFOPLIST_FILE = tutorial4/Info.plist;
				LD_RUNPATH_SEARCH_PATHS = "$(inherited) @executable_path/Frameworks";
				PRODUCT_BUNDLE_IDENTIFIER = com.rabbitmq.tutorial4;
				PRODUCT_NAME = "$(TARGET_NAME)";
			};
			name = Release;
		};
/* End XCBuildConfiguration section */

/* Begin XCConfigurationList section */
		AEF0F7A11CCEC50A007DAF85 /* Build configuration list for PBXProject "tutorial4" */ = {
			isa = XCConfigurationList;
			buildConfigurations = (
				AEF0F7BB1CCEC50A007DAF85 /* Debug */,
				AEF0F7BC1CCEC50A007DAF85 /* Release */,
			);
			defaultConfigurationIsVisible = 0;
			defaultConfigurationName = Release;
		};
		AEF0F7BD1CCEC50A007DAF85 /* Build configuration list for PBXNativeTarget "tutorial4" */ = {
			isa = XCConfigurationList;
			buildConfigurations = (
				AEF0F7BE1CCEC50A007DAF85 /* Debug */,
				AEF0F7BF1CCEC50A007DAF85 /* Release */,
			);
			defaultConfigurationIsVisible = 0;
		};
/* End XCConfigurationList section */
	};
	rootObject = AEF0F79E1CCEC50A007DAF85 /* Project object */;
}
