
Microsoft Visual Studio Solution File, Format Version 12.00
Project("{FAE04EC0-301F-11D3-BF4B-00C04F79EFBC}") = "Send", "Send\Send.csproj", "{C23444A1-BCB9-46A6-8D6D-7783C03E2A2E}"
EndProject
Project("{FAE04EC0-301F-11D3-BF4B-00C04F79EFBC}") = "Receive", "Receive\Receive.csproj", "{37F1D7F4-58B1-4A1B-BE76-178A9D7A91E8}"
EndProject
Global
	GlobalSection(SolutionConfigurationPlatforms) = preSolution
		Debug|Any CPU = Debug|Any CPU
		Release|Any CPU = Release|Any CPU
	EndGlobalSection
	GlobalSection(ProjectConfigurationPlatforms) = postSolution
		{C23444A1-BCB9-46A6-8D6D-7783C03E2A2E}.Debug|Any CPU.ActiveCfg = Debug|Any CPU
		{C23444A1-BCB9-46A6-8D6D-7783C03E2A2E}.Debug|Any CPU.Build.0 = Debug|Any CPU
		{C23444A1-BCB9-46A6-8D6D-7783C03E2A2E}.Release|Any CPU.ActiveCfg = Release|Any CPU
		{C23444A1-BCB9-46A6-8D6D-7783C03E2A2E}.Release|Any CPU.Build.0 = Release|Any CPU
		{37F1D7F4-58B1-4A1B-BE76-178A9D7A91E8}.Debug|Any CPU.ActiveCfg = Debug|Any CPU
		{37F1D7F4-58B1-4A1B-BE76-178A9D7A91E8}.Debug|Any CPU.Build.0 = Debug|Any CPU
		{37F1D7F4-58B1-4A1B-BE76-178A9D7A91E8}.Release|Any CPU.ActiveCfg = Release|Any CPU
		{37F1D7F4-58B1-4A1B-BE76-178A9D7A91E8}.Release|Any CPU.Build.0 = Release|Any CPU
	EndGlobalSection
EndGlobal
