
Microsoft Visual Studio Solution File, Format Version 12.00
# Visual Studio Version 17
VisualStudioVersion = 17.0.31903.59
MinimumVisualStudioVersion = 10.0.40219.1
Project("{FAE04EC0-301F-11D3-BF4B-00C04F79EFBC}") = "Send", "Send\Send.csproj", "{43E0129B-2E72-4F72-81E3-7C330EF2CF47}"
EndProject
Project("{FAE04EC0-301F-11D3-BF4B-00C04F79EFBC}") = "Receive", "Receive\Receive.csproj", "{E2EBD25D-57C5-41B8-8061-6ECF5E8179E4}"
EndProject
Project("{FAE04EC0-301F-11D3-BF4B-00C04F79EFBC}") = "NewTask", "NewTask\NewTask.csproj", "{5B2CCD62-8809-4323-8285-362865708A74}"
EndProject
Project("{FAE04EC0-301F-11D3-BF4B-00C04F79EFBC}") = "Worker", "Worker\Worker.csproj", "{26A2EC9E-6A41-481F-B062-AEC85A271EA3}"
EndProject
Project("{FAE04EC0-301F-11D3-BF4B-00C04F79EFBC}") = "EmitLog", "EmitLog\EmitLog.csproj", "{CFA7D080-D6ED-4DAF-B3B0-E4894D0568CE}"
EndProject
Project("{FAE04EC0-301F-11D3-BF4B-00C04F79EFBC}") = "ReceiveLogs", "ReceiveLogs\ReceiveLogs.csproj", "{8A6F8803-3BF3-42A5-B9A0-E2B6205C39B0}"
EndProject
Project("{FAE04EC0-301F-11D3-BF4B-00C04F79EFBC}") = "EmitLogDirect", "EmitLogDirect\EmitLogDirect.csproj", "{256AE298-12EF-41E6-AC16-B92AE1038729}"
EndProject
Project("{FAE04EC0-301F-11D3-BF4B-00C04F79EFBC}") = "ReceiveLogsDirect", "ReceiveLogsDirect\ReceiveLogsDirect.csproj", "{DB1CD74C-6816-4FB3-8E89-F481AFC272F9}"
EndProject
Project("{FAE04EC0-301F-11D3-BF4B-00C04F79EFBC}") = "EmitLogTopic", "EmitLogTopic\EmitLogTopic.csproj", "{1E7B25AD-4D61-4B66-8F4C-2B1556D5CFB9}"
EndProject
Project("{FAE04EC0-301F-11D3-BF4B-00C04F79EFBC}") = "ReceiveLogsTopic", "ReceiveLogsTopic\ReceiveLogsTopic.csproj", "{B2F3320F-FB70-41F0-8EB7-F1298E6AE652}"
EndProject
Project("{FAE04EC0-301F-11D3-BF4B-00C04F79EFBC}") = "RPCServer", "RPCServer\RPCServer.csproj", "{C0C23D16-8819-4795-9CDA-B33E70A7D431}"
EndProject
Project("{FAE04EC0-301F-11D3-BF4B-00C04F79EFBC}") = "RPCClient", "RPCClient\RPCClient.csproj", "{3B406A89-7605-4FCB-BF3A-BC097378FF73}"
EndProject
Project("{FAE04EC0-301F-11D3-BF4B-00C04F79EFBC}") = "PublisherConfirms", "PublisherConfirms\PublisherConfirms.csproj", "{7DFF910C-284B-42F1-BDA2-00B4CC61719E}"
EndProject
Project("{FAE04EC0-301F-11D3-BF4B-00C04F79EFBC}") = "RpcAmqp10", "RpcAmqp10\RpcAmqp10.csproj", "{FB9E3563-8EF8-4723-A9E0-798B1C1A4250}"
EndProject
Project("{2150E333-8FDC-42A3-9474-1A3956D46DE8}") = "Solution Items", "Solution Items", "{8F2A9C10-4E5B-4D7A-9C3E-1A2B3C4D5E6F}"
	ProjectSection(SolutionItems) = preProject
		.gitattributes = .gitattributes
		.gitignore = .gitignore
		README.md = README.md
	EndProjectSection
EndProject
Global
	GlobalSection(SolutionConfigurationPlatforms) = preSolution
		Debug|Any CPU = Debug|Any CPU
		Debug|x64 = Debug|x64
		Debug|x86 = Debug|x86
		Release|Any CPU = Release|Any CPU
		Release|x64 = Release|x64
		Release|x86 = Release|x86
	EndGlobalSection
	GlobalSection(ProjectConfigurationPlatforms) = postSolution
		{43E0129B-2E72-4F72-81E3-7C330EF2CF47}.Debug|Any CPU.ActiveCfg = Debug|Any CPU
		{43E0129B-2E72-4F72-81E3-7C330EF2CF47}.Debug|Any CPU.Build.0 = Debug|Any CPU
		{43E0129B-2E72-4F72-81E3-7C330EF2CF47}.Debug|x64.ActiveCfg = Debug|Any CPU
		{43E0129B-2E72-4F72-81E3-7C330EF2CF47}.Debug|x64.Build.0 = Debug|Any CPU
		{43E0129B-2E72-4F72-81E3-7C330EF2CF47}.Debug|x86.ActiveCfg = Debug|Any CPU
		{43E0129B-2E72-4F72-81E3-7C330EF2CF47}.Debug|x86.Build.0 = Debug|Any CPU
		{43E0129B-2E72-4F72-81E3-7C330EF2CF47}.Release|Any CPU.ActiveCfg = Release|Any CPU
		{43E0129B-2E72-4F72-81E3-7C330EF2CF47}.Release|Any CPU.Build.0 = Release|Any CPU
		{43E0129B-2E72-4F72-81E3-7C330EF2CF47}.Release|x64.ActiveCfg = Release|Any CPU
		{43E0129B-2E72-4F72-81E3-7C330EF2CF47}.Release|x64.Build.0 = Release|Any CPU
		{43E0129B-2E72-4F72-81E3-7C330EF2CF47}.Release|x86.ActiveCfg = Release|Any CPU
		{43E0129B-2E72-4F72-81E3-7C330EF2CF47}.Release|x86.Build.0 = Release|Any CPU
		{E2EBD25D-57C5-41B8-8061-6ECF5E8179E4}.Debug|Any CPU.ActiveCfg = Debug|Any CPU
		{E2EBD25D-57C5-41B8-8061-6ECF5E8179E4}.Debug|Any CPU.Build.0 = Debug|Any CPU
		{E2EBD25D-57C5-41B8-8061-6ECF5E8179E4}.Debug|x64.ActiveCfg = Debug|Any CPU
		{E2EBD25D-57C5-41B8-8061-6ECF5E8179E4}.Debug|x64.Build.0 = Debug|Any CPU
		{E2EBD25D-57C5-41B8-8061-6ECF5E8179E4}.Debug|x86.ActiveCfg = Debug|Any CPU
		{E2EBD25D-57C5-41B8-8061-6ECF5E8179E4}.Debug|x86.Build.0 = Debug|Any CPU
		{E2EBD25D-57C5-41B8-8061-6ECF5E8179E4}.Release|Any CPU.ActiveCfg = Release|Any CPU
		{E2EBD25D-57C5-41B8-8061-6ECF5E8179E4}.Release|Any CPU.Build.0 = Release|Any CPU
		{E2EBD25D-57C5-41B8-8061-6ECF5E8179E4}.Release|x64.ActiveCfg = Release|Any CPU
		{E2EBD25D-57C5-41B8-8061-6ECF5E8179E4}.Release|x64.Build.0 = Release|Any CPU
		{E2EBD25D-57C5-41B8-8061-6ECF5E8179E4}.Release|x86.ActiveCfg = Release|Any CPU
		{E2EBD25D-57C5-41B8-8061-6ECF5E8179E4}.Release|x86.Build.0 = Release|Any CPU
		{5B2CCD62-8809-4323-8285-362865708A74}.Debug|Any CPU.ActiveCfg = Debug|Any CPU
		{5B2CCD62-8809-4323-8285-362865708A74}.Debug|Any CPU.Build.0 = Debug|Any CPU
		{5B2CCD62-8809-4323-8285-362865708A74}.Debug|x64.ActiveCfg = Debug|Any CPU
		{5B2CCD62-8809-4323-8285-362865708A74}.Debug|x64.Build.0 = Debug|Any CPU
		{5B2CCD62-8809-4323-8285-362865708A74}.Debug|x86.ActiveCfg = Debug|Any CPU
		{5B2CCD62-8809-4323-8285-362865708A74}.Debug|x86.Build.0 = Debug|Any CPU
		{5B2CCD62-8809-4323-8285-362865708A74}.Release|Any CPU.ActiveCfg = Release|Any CPU
		{5B2CCD62-8809-4323-8285-362865708A74}.Release|Any CPU.Build.0 = Release|Any CPU
		{5B2CCD62-8809-4323-8285-362865708A74}.Release|x64.ActiveCfg = Release|Any CPU
		{5B2CCD62-8809-4323-8285-362865708A74}.Release|x64.Build.0 = Release|Any CPU
		{5B2CCD62-8809-4323-8285-362865708A74}.Release|x86.ActiveCfg = Release|Any CPU
		{5B2CCD62-8809-4323-8285-362865708A74}.Release|x86.Build.0 = Release|Any CPU
		{26A2EC9E-6A41-481F-B062-AEC85A271EA3}.Debug|Any CPU.ActiveCfg = Debug|Any CPU
		{26A2EC9E-6A41-481F-B062-AEC85A271EA3}.Debug|Any CPU.Build.0 = Debug|Any CPU
		{26A2EC9E-6A41-481F-B062-AEC85A271EA3}.Debug|x64.ActiveCfg = Debug|Any CPU
		{26A2EC9E-6A41-481F-B062-AEC85A271EA3}.Debug|x64.Build.0 = Debug|Any CPU
		{26A2EC9E-6A41-481F-B062-AEC85A271EA3}.Debug|x86.ActiveCfg = Debug|Any CPU
		{26A2EC9E-6A41-481F-B062-AEC85A271EA3}.Debug|x86.Build.0 = Debug|Any CPU
		{26A2EC9E-6A41-481F-B062-AEC85A271EA3}.Release|Any CPU.ActiveCfg = Release|Any CPU
		{26A2EC9E-6A41-481F-B062-AEC85A271EA3}.Release|Any CPU.Build.0 = Release|Any CPU
		{26A2EC9E-6A41-481F-B062-AEC85A271EA3}.Release|x64.ActiveCfg = Release|Any CPU
		{26A2EC9E-6A41-481F-B062-AEC85A271EA3}.Release|x64.Build.0 = Release|Any CPU
		{26A2EC9E-6A41-481F-B062-AEC85A271EA3}.Release|x86.ActiveCfg = Release|Any CPU
		{26A2EC9E-6A41-481F-B062-AEC85A271EA3}.Release|x86.Build.0 = Release|Any CPU
		{CFA7D080-D6ED-4DAF-B3B0-E4894D0568CE}.Debug|Any CPU.ActiveCfg = Debug|Any CPU
		{CFA7D080-D6ED-4DAF-B3B0-E4894D0568CE}.Debug|Any CPU.Build.0 = Debug|Any CPU
		{CFA7D080-D6ED-4DAF-B3B0-E4894D0568CE}.Debug|x64.ActiveCfg = Debug|Any CPU
		{CFA7D080-D6ED-4DAF-B3B0-E4894D0568CE}.Debug|x64.Build.0 = Debug|Any CPU
		{CFA7D080-D6ED-4DAF-B3B0-E4894D0568CE}.Debug|x86.ActiveCfg = Debug|Any CPU
		{CFA7D080-D6ED-4DAF-B3B0-E4894D0568CE}.Debug|x86.Build.0 = Debug|Any CPU
		{CFA7D080-D6ED-4DAF-B3B0-E4894D0568CE}.Release|Any CPU.ActiveCfg = Release|Any CPU
		{CFA7D080-D6ED-4DAF-B3B0-E4894D0568CE}.Release|Any CPU.Build.0 = Release|Any CPU
		{CFA7D080-D6ED-4DAF-B3B0-E4894D0568CE}.Release|x64.ActiveCfg = Release|Any CPU
		{CFA7D080-D6ED-4DAF-B3B0-E4894D0568CE}.Release|x64.Build.0 = Release|Any CPU
		{CFA7D080-D6ED-4DAF-B3B0-E4894D0568CE}.Release|x86.ActiveCfg = Release|Any CPU
		{CFA7D080-D6ED-4DAF-B3B0-E4894D0568CE}.Release|x86.Build.0 = Release|Any CPU
		{8A6F8803-3BF3-42A5-B9A0-E2B6205C39B0}.Debug|Any CPU.ActiveCfg = Debug|Any CPU
		{8A6F8803-3BF3-42A5-B9A0-E2B6205C39B0}.Debug|Any CPU.Build.0 = Debug|Any CPU
		{8A6F8803-3BF3-42A5-B9A0-E2B6205C39B0}.Debug|x64.ActiveCfg = Debug|Any CPU
		{8A6F8803-3BF3-42A5-B9A0-E2B6205C39B0}.Debug|x64.Build.0 = Debug|Any CPU
		{8A6F8803-3BF3-42A5-B9A0-E2B6205C39B0}.Debug|x86.ActiveCfg = Debug|Any CPU
		{8A6F8803-3BF3-42A5-B9A0-E2B6205C39B0}.Debug|x86.Build.0 = Debug|Any CPU
		{8A6F8803-3BF3-42A5-B9A0-E2B6205C39B0}.Release|Any CPU.ActiveCfg = Release|Any CPU
		{8A6F8803-3BF3-42A5-B9A0-E2B6205C39B0}.Release|Any CPU.Build.0 = Release|Any CPU
		{8A6F8803-3BF3-42A5-B9A0-E2B6205C39B0}.Release|x64.ActiveCfg = Release|Any CPU
		{8A6F8803-3BF3-42A5-B9A0-E2B6205C39B0}.Release|x64.Build.0 = Release|Any CPU
		{8A6F8803-3BF3-42A5-B9A0-E2B6205C39B0}.Release|x86.ActiveCfg = Release|Any CPU
		{8A6F8803-3BF3-42A5-B9A0-E2B6205C39B0}.Release|x86.Build.0 = Release|Any CPU
		{256AE298-12EF-41E6-AC16-B92AE1038729}.Debug|Any CPU.ActiveCfg = Debug|Any CPU
		{256AE298-12EF-41E6-AC16-B92AE1038729}.Debug|Any CPU.Build.0 = Debug|Any CPU
		{256AE298-12EF-41E6-AC16-B92AE1038729}.Debug|x64.ActiveCfg = Debug|Any CPU
		{256AE298-12EF-41E6-AC16-B92AE1038729}.Debug|x64.Build.0 = Debug|Any CPU
		{256AE298-12EF-41E6-AC16-B92AE1038729}.Debug|x86.ActiveCfg = Debug|Any CPU
		{256AE298-12EF-41E6-AC16-B92AE1038729}.Debug|x86.Build.0 = Debug|Any CPU
		{256AE298-12EF-41E6-AC16-B92AE1038729}.Release|Any CPU.ActiveCfg = Release|Any CPU
		{256AE298-12EF-41E6-AC16-B92AE1038729}.Release|Any CPU.Build.0 = Release|Any CPU
		{256AE298-12EF-41E6-AC16-B92AE1038729}.Release|x64.ActiveCfg = Release|Any CPU
		{256AE298-12EF-41E6-AC16-B92AE1038729}.Release|x64.Build.0 = Release|Any CPU
		{256AE298-12EF-41E6-AC16-B92AE1038729}.Release|x86.ActiveCfg = Release|Any CPU
		{256AE298-12EF-41E6-AC16-B92AE1038729}.Release|x86.Build.0 = Release|Any CPU
		{DB1CD74C-6816-4FB3-8E89-F481AFC272F9}.Debug|Any CPU.ActiveCfg = Debug|Any CPU
		{DB1CD74C-6816-4FB3-8E89-F481AFC272F9}.Debug|Any CPU.Build.0 = Debug|Any CPU
		{DB1CD74C-6816-4FB3-8E89-F481AFC272F9}.Debug|x64.ActiveCfg = Debug|Any CPU
		{DB1CD74C-6816-4FB3-8E89-F481AFC272F9}.Debug|x64.Build.0 = Debug|Any CPU
		{DB1CD74C-6816-4FB3-8E89-F481AFC272F9}.Debug|x86.ActiveCfg = Debug|Any CPU
		{DB1CD74C-6816-4FB3-8E89-F481AFC272F9}.Debug|x86.Build.0 = Debug|Any CPU
		{DB1CD74C-6816-4FB3-8E89-F481AFC272F9}.Release|Any CPU.ActiveCfg = Release|Any CPU
		{DB1CD74C-6816-4FB3-8E89-F481AFC272F9}.Release|Any CPU.Build.0 = Release|Any CPU
		{DB1CD74C-6816-4FB3-8E89-F481AFC272F9}.Release|x64.ActiveCfg = Release|Any CPU
		{DB1CD74C-6816-4FB3-8E89-F481AFC272F9}.Release|x64.Build.0 = Release|Any CPU
		{DB1CD74C-6816-4FB3-8E89-F481AFC272F9}.Release|x86.ActiveCfg = Release|Any CPU
		{DB1CD74C-6816-4FB3-8E89-F481AFC272F9}.Release|x86.Build.0 = Release|Any CPU
		{1E7B25AD-4D61-4B66-8F4C-2B1556D5CFB9}.Debug|Any CPU.ActiveCfg = Debug|Any CPU
		{1E7B25AD-4D61-4B66-8F4C-2B1556D5CFB9}.Debug|Any CPU.Build.0 = Debug|Any CPU
		{1E7B25AD-4D61-4B66-8F4C-2B1556D5CFB9}.Debug|x64.ActiveCfg = Debug|Any CPU
		{1E7B25AD-4D61-4B66-8F4C-2B1556D5CFB9}.Debug|x64.Build.0 = Debug|Any CPU
		{1E7B25AD-4D61-4B66-8F4C-2B1556D5CFB9}.Debug|x86.ActiveCfg = Debug|Any CPU
		{1E7B25AD-4D61-4B66-8F4C-2B1556D5CFB9}.Debug|x86.Build.0 = Debug|Any CPU
		{1E7B25AD-4D61-4B66-8F4C-2B1556D5CFB9}.Release|Any CPU.ActiveCfg = Release|Any CPU
		{1E7B25AD-4D61-4B66-8F4C-2B1556D5CFB9}.Release|Any CPU.Build.0 = Release|Any CPU
		{1E7B25AD-4D61-4B66-8F4C-2B1556D5CFB9}.Release|x64.ActiveCfg = Release|Any CPU
		{1E7B25AD-4D61-4B66-8F4C-2B1556D5CFB9}.Release|x64.Build.0 = Release|Any CPU
		{1E7B25AD-4D61-4B66-8F4C-2B1556D5CFB9}.Release|x86.ActiveCfg = Release|Any CPU
		{1E7B25AD-4D61-4B66-8F4C-2B1556D5CFB9}.Release|x86.Build.0 = Release|Any CPU
		{B2F3320F-FB70-41F0-8EB7-F1298E6AE652}.Debug|Any CPU.ActiveCfg = Debug|Any CPU
		{B2F3320F-FB70-41F0-8EB7-F1298E6AE652}.Debug|Any CPU.Build.0 = Debug|Any CPU
		{B2F3320F-FB70-41F0-8EB7-F1298E6AE652}.Debug|x64.ActiveCfg = Debug|Any CPU
		{B2F3320F-FB70-41F0-8EB7-F1298E6AE652}.Debug|x64.Build.0 = Debug|Any CPU
		{B2F3320F-FB70-41F0-8EB7-F1298E6AE652}.Debug|x86.ActiveCfg = Debug|Any CPU
		{B2F3320F-FB70-41F0-8EB7-F1298E6AE652}.Debug|x86.Build.0 = Debug|Any CPU
		{B2F3320F-FB70-41F0-8EB7-F1298E6AE652}.Release|Any CPU.ActiveCfg = Release|Any CPU
		{B2F3320F-FB70-41F0-8EB7-F1298E6AE652}.Release|Any CPU.Build.0 = Release|Any CPU
		{B2F3320F-FB70-41F0-8EB7-F1298E6AE652}.Release|x64.ActiveCfg = Release|Any CPU
		{B2F3320F-FB70-41F0-8EB7-F1298E6AE652}.Release|x64.Build.0 = Release|Any CPU
		{B2F3320F-FB70-41F0-8EB7-F1298E6AE652}.Release|x86.ActiveCfg = Release|Any CPU
		{B2F3320F-FB70-41F0-8EB7-F1298E6AE652}.Release|x86.Build.0 = Release|Any CPU
		{C0C23D16-8819-4795-9CDA-B33E70A7D431}.Debug|Any CPU.ActiveCfg = Debug|Any CPU
		{C0C23D16-8819-4795-9CDA-B33E70A7D431}.Debug|Any CPU.Build.0 = Debug|Any CPU
		{C0C23D16-8819-4795-9CDA-B33E70A7D431}.Debug|x64.ActiveCfg = Debug|Any CPU
		{C0C23D16-8819-4795-9CDA-B33E70A7D431}.Debug|x64.Build.0 = Debug|Any CPU
		{C0C23D16-8819-4795-9CDA-B33E70A7D431}.Debug|x86.ActiveCfg = Debug|Any CPU
		{C0C23D16-8819-4795-9CDA-B33E70A7D431}.Debug|x86.Build.0 = Debug|Any CPU
		{C0C23D16-8819-4795-9CDA-B33E70A7D431}.Release|Any CPU.ActiveCfg = Release|Any CPU
		{C0C23D16-8819-4795-9CDA-B33E70A7D431}.Release|Any CPU.Build.0 = Release|Any CPU
		{C0C23D16-8819-4795-9CDA-B33E70A7D431}.Release|x64.ActiveCfg = Release|Any CPU
		{C0C23D16-8819-4795-9CDA-B33E70A7D431}.Release|x64.Build.0 = Release|Any CPU
		{C0C23D16-8819-4795-9CDA-B33E70A7D431}.Release|x86.ActiveCfg = Release|Any CPU
		{C0C23D16-8819-4795-9CDA-B33E70A7D431}.Release|x86.Build.0 = Release|Any CPU
		{3B406A89-7605-4FCB-BF3A-BC097378FF73}.Debug|Any CPU.ActiveCfg = Debug|Any CPU
		{3B406A89-7605-4FCB-BF3A-BC097378FF73}.Debug|Any CPU.Build.0 = Debug|Any CPU
		{3B406A89-7605-4FCB-BF3A-BC097378FF73}.Debug|x64.ActiveCfg = Debug|Any CPU
		{3B406A89-7605-4FCB-BF3A-BC097378FF73}.Debug|x64.Build.0 = Debug|Any CPU
		{3B406A89-7605-4FCB-BF3A-BC097378FF73}.Debug|x86.ActiveCfg = Debug|Any CPU
		{3B406A89-7605-4FCB-BF3A-BC097378FF73}.Debug|x86.Build.0 = Debug|Any CPU
		{3B406A89-7605-4FCB-BF3A-BC097378FF73}.Release|Any CPU.ActiveCfg = Release|Any CPU
		{3B406A89-7605-4FCB-BF3A-BC097378FF73}.Release|Any CPU.Build.0 = Release|Any CPU
		{3B406A89-7605-4FCB-BF3A-BC097378FF73}.Release|x64.ActiveCfg = Release|Any CPU
		{3B406A89-7605-4FCB-BF3A-BC097378FF73}.Release|x64.Build.0 = Release|Any CPU
		{3B406A89-7605-4FCB-BF3A-BC097378FF73}.Release|x86.ActiveCfg = Release|Any CPU
		{3B406A89-7605-4FCB-BF3A-BC097378FF73}.Release|x86.Build.0 = Release|Any CPU
		{7DFF910C-284B-42F1-BDA2-00B4CC61719E}.Debug|Any CPU.ActiveCfg = Debug|Any CPU
		{7DFF910C-284B-42F1-BDA2-00B4CC61719E}.Debug|Any CPU.Build.0 = Debug|Any CPU
		{7DFF910C-284B-42F1-BDA2-00B4CC61719E}.Debug|x64.ActiveCfg = Debug|Any CPU
		{7DFF910C-284B-42F1-BDA2-00B4CC61719E}.Debug|x64.Build.0 = Debug|Any CPU
		{7DFF910C-284B-42F1-BDA2-00B4CC61719E}.Debug|x86.ActiveCfg = Debug|Any CPU
		{7DFF910C-284B-42F1-BDA2-00B4CC61719E}.Debug|x86.Build.0 = Debug|Any CPU
		{7DFF910C-284B-42F1-BDA2-00B4CC61719E}.Release|Any CPU.ActiveCfg = Release|Any CPU
		{7DFF910C-284B-42F1-BDA2-00B4CC61719E}.Release|Any CPU.Build.0 = Release|Any CPU
		{7DFF910C-284B-42F1-BDA2-00B4CC61719E}.Release|x64.ActiveCfg = Release|Any CPU
		{7DFF910C-284B-42F1-BDA2-00B4CC61719E}.Release|x64.Build.0 = Release|Any CPU
		{7DFF910C-284B-42F1-BDA2-00B4CC61719E}.Release|x86.ActiveCfg = Release|Any CPU
		{7DFF910C-284B-42F1-BDA2-00B4CC61719E}.Release|x86.Build.0 = Release|Any CPU
		{FB9E3563-8EF8-4723-A9E0-798B1C1A4250}.Debug|Any CPU.ActiveCfg = Debug|Any CPU
		{FB9E3563-8EF8-4723-A9E0-798B1C1A4250}.Debug|Any CPU.Build.0 = Debug|Any CPU
		{FB9E3563-8EF8-4723-A9E0-798B1C1A4250}.Debug|x64.ActiveCfg = Debug|Any CPU
		{FB9E3563-8EF8-4723-A9E0-798B1C1A4250}.Debug|x64.Build.0 = Debug|Any CPU
		{FB9E3563-8EF8-4723-A9E0-798B1C1A4250}.Debug|x86.ActiveCfg = Debug|Any CPU
		{FB9E3563-8EF8-4723-A9E0-798B1C1A4250}.Debug|x86.Build.0 = Debug|Any CPU
		{FB9E3563-8EF8-4723-A9E0-798B1C1A4250}.Release|Any CPU.ActiveCfg = Release|Any CPU
		{FB9E3563-8EF8-4723-A9E0-798B1C1A4250}.Release|Any CPU.Build.0 = Release|Any CPU
		{FB9E3563-8EF8-4723-A9E0-798B1C1A4250}.Release|x64.ActiveCfg = Release|Any CPU
		{FB9E3563-8EF8-4723-A9E0-798B1C1A4250}.Release|x64.Build.0 = Release|Any CPU
		{FB9E3563-8EF8-4723-A9E0-798B1C1A4250}.Release|x86.ActiveCfg = Release|Any CPU
		{FB9E3563-8EF8-4723-A9E0-798B1C1A4250}.Release|x86.Build.0 = Release|Any CPU
	EndGlobalSection
	GlobalSection(SolutionProperties) = preSolution
		HideSolutionNode = FALSE
	EndGlobalSection
EndGlobal
