// !$*UTF8*$!
{
	archiveVersion = 1;
	classes = {
	};
	objectVersion = 48;
	objects = {

/* Begin PBXBuildFile section */
		AE40C7661CB2B50B00CC7B97 /* main.m in Sources */ = {isa = PBXBuildFile; fileRef = AE40C7651CB2B50B00CC7B97 /* main.m */; };
		AE40C7691CB2B50B00CC7B97 /* AppDelegate.m in Sources */ = {isa = PBXBuildFile; fileRef = AE40C7681CB2B50B00CC7B97 /* AppDelegate.m */; };
		AE40C76C1CB2B50B00CC7B97 /* ViewController.m in Sources */ = {isa = PBXBuildFile; fileRef = AE40C76B1CB2B50B00CC7B97 /* ViewController.m */; };
		AE40C76F1CB2B50B00CC7B97 /* Main.storyboard in Resources */ = {isa = PBXBuildFile; fileRef = AE40C76D1CB2B50B00CC7B97 /* Main.storyboard */; };
		AE40C7711CB2B50B00CC7B97 /* Assets.xcassets in Resources */ = {isa = PBXBuildFile; fileRef = AE40C7701CB2B50B00CC7B97 /* Assets.xcassets */; };
		AE40C7741CB2B50B00CC7B97 /* LaunchScreen.storyboard in Resources */ = {isa = PBXBuildFile; fileRef = AE40C7721CB2B50B00CC7B97 /* LaunchScreen.storyboard */; };
		AE40C77C1CB2B5CD00CC7B97 /* RMQClient.framework in Frameworks */ = {isa = PBXBuildFile; fileRef = AE40C77B1CB2B5CD00CC7B97 /* RMQClient.framework */; };
		AE40C77E1CB2B5E200CC7B97 /* RMQClient.framework in CopyFiles */ = {isa = PBXBuildFile; fileRef = AE40C77B1CB2B5CD00CC7B97 /* RMQClient.framework */; settings = {ATTRIBUTES = (CodeSignOnCopy, RemoveHeadersOnCopy, ); }; };
/* End PBXBuildFile section */

/* Begin PBXCopyFilesBuildPhase section */
		AE40C77D1CB2B5D800CC7B97 /* CopyFiles */ = {
			isa = PBXCopyFilesBuildPhase;
			buildActionMask = 2147483647;
			dstPath = "";
			dstSubfolderSpec = 10;
			files = (
				AE40C77E1CB2B5E200CC7B97 /* RMQClient.framework in CopyFiles */,
			);
			runOnlyForDeploymentPostprocessing = 0;
		};
/* End PBXCopyFilesBuildPhase section */

/* Begin PBXFileReference section */
		AE40C7611CB2B50B00CC7B97 /* tutorial2.app */ = {isa = PBXFileReference; explicitFileType = wrapper.application; includeInIndex = 0; path = tutorial2.app; sourceTree = BUILT_PRODUCTS_DIR; };
		AE40C7651CB2B50B00CC7B97 /* main.m */ = {isa = PBXFileReference; lastKnownFileType = sourcecode.c.objc; path = main.m; sourceTree = "<group>"; };
		AE40C7671CB2B50B00CC7B97 /* AppDelegate.h */ = {isa = PBXFileReference; lastKnownFileType = sourcecode.c.h; path = AppDelegate.h; sourceTree = "<group>"; };
		AE40C7681CB2B50B00CC7B97 /* AppDelegate.m */ = {isa = PBXFileReference; lastKnownFileType = sourcecode.c.objc; path = AppDelegate.m; sourceTree = "<group>"; };
		AE40C76A1CB2B50B00CC7B97 /* ViewController.h */ = {isa = PBXFileReference; lastKnownFileType = sourcecode.c.h; path = ViewController.h; sourceTree = "<group>"; };
		AE40C76B1CB2B50B00CC7B97 /* ViewController.m */ = {isa = PBXFileReference; lastKnownFileType = sourcecode.c.objc; path = ViewController.m; sourceTree = "<group>"; };
		AE40C76E1CB2B50B00CC7B97 /* Base */ = {isa = PBXFileReference; lastKnownFileType = file.storyboard; name = Base; path = Base.lproj/Main.storyboard; sourceTree = "<group>"; };
		AE40C7701CB2B50B00CC7B97 /* Assets.xcassets */ = {isa = PBXFileReference; lastKnownFileType = folder.assetcatalog; path = Assets.xcassets; sourceTree = "<group>"; };
		AE40C7731CB2B50B00CC7B97 /* Base */ = {isa = PBXFileReference; lastKnownFileType = file.storyboard; name = Base; path = Base.lproj/LaunchScreen.storyboard; sourceTree = "<group>"; };
		AE40C7751CB2B50B00CC7B97 /* Info.plist */ = {isa = PBXFileReference; lastKnownFileType = text.plist.xml; path = Info.plist; sourceTree = "<group>"; };
		AE40C77B1CB2B5CD00CC7B97 /* RMQClient.framework */ = {isa = PBXFileReference; lastKnownFileType = wrapper.framework; name = RMQClient.framework; path = Carthage/Build/iOS/RMQClient.framework; sourceTree = "<group>"; };
/* End PBXFileReference section */

/* Begin PBXFrameworksBuildPhase section */
		AE40C75E1CB2B50B00CC7B97 /* Frameworks */ = {
			isa = PBXFrameworksBuildPhase;
			buildActionMask = 2147483647;
			files = (
				AE40C77C1CB2B5CD00CC7B97 /* RMQClient.framework in Frameworks */,
			);
			runOnlyForDeploymentPostprocessing = 0;
		};
/* End PBXFrameworksBuildPhase section */

/* Begin PBXGroup section */
		AE40C7581CB2B50B00CC7B97 = {
			isa = PBXGroup;
			children = (
				AE40C77B1CB2B5CD00CC7B97 /* RMQClient.framework */,
				AE40C7631CB2B50B00CC7B97 /* tutorial2 */,
				AE40C7621CB2B50B00CC7B97 /* Products */,
			);
			sourceTree = "<group>";
		};
		AE40C7621CB2B50B00CC7B97 /* Products */ = {
			isa = PBXGroup;
			children = (
				AE40C7611CB2B50B00CC7B97 /* tutorial2.app */,
			);
			name = Products;
			sourceTree = "<group>";
		};
		AE40C7631CB2B50B00CC7B97 /* tutorial2 */ = {
			isa = PBXGroup;
			children = (
				AE40C7671CB2B50B00CC7B97 /* AppDelegate.h */,
				AE40C7681CB2B50B00CC7B97 /* AppDelegate.m */,
				AE40C76A1CB2B50B00CC7B97 /* ViewController.h */,
				AE40C76B1CB2B50B00CC7B97 /* ViewController.m */,
				AE40C76D1CB2B50B00CC7B97 /* Main.storyboard */,
				AE40C7701CB2B50B00CC7B97 /* Assets.xcassets */,
				AE40C7721CB2B50B00CC7B97 /* LaunchScreen.storyboard */,
				AE40C7751CB2B50B00CC7B97 /* Info.plist */,
				AE40C7641CB2B50B00CC7B97 /* Supporting Files */,
			);
			path = tutorial2;
			sourceTree = "<group>";
		};
		AE40C7641CB2B50B00CC7B97 /* Supporting Files */ = {
			isa = PBXGroup;
			children = (
				AE40C7651CB2B50B00CC7B97 /* main.m */,
			);
			name = "Supporting Files";
			sourceTree = "<group>";
		};
/* End PBXGroup section */

/* Begin PBXNativeTarget section */
		AE40C7601CB2B50B00CC7B97 /* tutorial2 */ = {
			isa = PBXNativeTarget;
			buildConfigurationList = AE40C7781CB2B50B00CC7B97 /* Build configuration list for PBXNativeTarget "tutorial2" */;
			buildPhases = (
				AE40C75D1CB2B50B00CC7B97 /* Sources */,
				AE40C75E1CB2B50B00CC7B97 /* Frameworks */,
				AE40C75F1CB2B50B00CC7B97 /* Resources */,
				AE40C77D1CB2B5D800CC7B97 /* CopyFiles */,
			);
			buildRules = (
			);
			dependencies = (
			);
			name = tutorial2;
			productName = tutorial2;
			productReference = AE40C7611CB2B50B00CC7B97 /* tutorial2.app */;
			productType = "com.apple.product-type.application";
		};
/* End PBXNativeTarget section */

/* Begin PBXProject section */
		AE40C7591CB2B50B00CC7B97 /* Project object */ = {
			isa = PBXProject;
			attributes = {
				LastUpgradeCheck = 0820;
				ORGANIZATIONNAME = RabbitMQ;
				TargetAttributes = {
					AE40C7601CB2B50B00CC7B97 = {
						CreatedOnToolsVersion = 7.3;
					};
				};
			};
			buildConfigurationList = AE40C75C1CB2B50B00CC7B97 /* Build configuration list for PBXProject "tutorial2" */;
			compatibilityVersion = "Xcode 8.0";
			developmentRegion = English;
			hasScannedForEncodings = 0;
			knownRegions = (
				en,
				Base,
			);
			mainGroup = AE40C7581CB2B50B00CC7B97;
			productRefGroup = AE40C7621CB2B50B00CC7B97 /* Products */;
			projectDirPath = "";
			projectRoot = "";
			targets = (
				AE40C7601CB2B50B00CC7B97 /* tutorial2 */,
			);
		};
/* End PBXProject section */

/* Begin PBXResourcesBuildPhase section */
		AE40C75F1CB2B50B00CC7B97 /* Resources */ = {
			isa = PBXResourcesBuildPhase;
			buildActionMask = 2147483647;
			files = (
				AE40C7741CB2B50B00CC7B97 /* LaunchScreen.storyboard in Resources */,
				AE40C7711CB2B50B00CC7B97 /* Assets.xcassets in Resources */,
				AE40C76F1CB2B50B00CC7B97 /* Main.storyboard in Resources */,
			);
			runOnlyForDeploymentPostprocessing = 0;
		};
/* End PBXResourcesBuildPhase section */

/* Begin PBXSourcesBuildPhase section */
		AE40C75D1CB2B50B00CC7B97 /* Sources */ = {
			isa = PBXSourcesBuildPhase;
			buildActionMask = 2147483647;
			files = (
				AE40C76C1CB2B50B00CC7B97 /* ViewController.m in Sources */,
				AE40C7691CB2B50B00CC7B97 /* AppDelegate.m in Sources */,
				AE40C7661CB2B50B00CC7B97 /* main.m in Sources */,
			);
			runOnlyForDeploymentPostprocessing = 0;
		};
/* End PBXSourcesBuildPhase section */

/* Begin PBXVariantGroup section */
		AE40C76D1CB2B50B00CC7B97 /* Main.storyboard */ = {
			isa = PBXVariantGroup;
			children = (
				AE40C76E1CB2B50B00CC7B97 /* Base */,
			);
			name = Main.storyboard;
			sourceTree = "<group>";
		};
		AE40C7721CB2B50B00CC7B97 /* LaunchScreen.storyboard */ = {
			isa = PBXVariantGroup;
			children = (
				AE40C7731CB2B50B00CC7B97 /* Base */,
			);
			name = LaunchScreen.storyboard;
			sourceTree = "<group>";
		};
/* End PBXVariantGroup section */

/* Begin XCBuildConfiguration section */
		AE40C7761CB2B50B00CC7B97 /* Debug */ = {
			isa = XCBuildConfiguration;
			buildSettings = {
				ALWAYS_SEARCH_USER_PATHS = NO;
				CLANG_ANALYZER_NONNULL = YES;
				CLANG_CXX_LANGUAGE_STANDARD = "gnu++0x";
				CLANG_CXX_LIBRARY = "libc++";
				CLANG_ENABLE_MODULES = YES;
				CLANG_ENABLE_OBJC_ARC = YES;
				CLANG_WARN_BOOL_CONVERSION = YES;
				CLANG_WARN_CONSTANT_CONVERSION = YES;
				CLANG_WARN_DIRECT_OBJC_ISA_USAGE = YES_ERROR;
				CLANG_WARN_EMPTY_BODY = YES;
				CLANG_WARN_ENUM_CONVERSION = YES;
				CLANG_WARN_INFINITE_RECURSION = YES;
				CLANG_WARN_INT_CONVERSION = YES;
				CLANG_WARN_OBJC_ROOT_CLASS = YES_ERROR;
				CLANG_WARN_SUSPICIOUS_MOVE = YES;
				CLANG_WARN_UNREACHABLE_CODE = YES;
				CLANG_WARN__DUPLICATE_METHOD_MATCH = YES;
				"CODE_SIGN_IDENTITY[sdk=iphoneos*]" = "iPhone Developer";
				COPY_PHASE_STRIP = NO;
				DEBUG_INFORMATION_FORMAT = dwarf;
				ENABLE_STRICT_OBJC_MSGSEND = YES;
				ENABLE_TESTABILITY = YES;
				GCC_C_LANGUAGE_STANDARD = gnu99;
				GCC_DYNAMIC_NO_PIC = NO;
				GCC_NO_COMMON_BLOCKS = YES;
				GCC_OPTIMIZATION_LEVEL = 0;
				GCC_PREPROCESSOR_DEFINITIONS = (
					"DEBUG=1",
					"$(inherited)",
				);
				GCC_WARN_64_TO_32_BIT_CONVERSION = YES;
				GCC_WARN_ABOUT_RETURN_TYPE = YES_ERROR;
				GCC_WARN_UNDECLARED_SELECTOR = YES;
				GCC_WARN_UNINITIALIZED_AUTOS = YES_AGGRESSIVE;
				GCC_WARN_UNUSED_FUNCTION = YES;
				GCC_WARN_UNUSED_VARIABLE = YES;
				IPHONEOS_DEPLOYMENT_TARGET = 10.0;
				MTL_ENABLE_DEBUG_INFO = YES;
				ONLY_ACTIVE_ARCH = YES;
				SDKROOT = iphoneos;
				TARGETED_DEVICE_FAMILY = "1,2";
			};
			name = Debug;
		};
		AE40C7771CB2B50B00CC7B97 /* Release */ = {
			isa = XCBuildConfiguration;
			buildSettings = {
				ALWAYS_SEARCH_USER_PATHS = NO;
				CLANG_ANALYZER_NONNULL = YES;
				CLANG_CXX_LANGUAGE_STANDARD = "gnu++0x";
				CLANG_CXX_LIBRARY = "libc++";
				CLANG_ENABLE_MODULES = YES;
				CLANG_ENABLE_OBJC_ARC = YES;
				CLANG_WARN_BOOL_CONVERSION = YES;
				CLANG_WARN_CONSTANT_CONVERSION = YES;
				CLANG_WARN_DIRECT_OBJC_ISA_USAGE = YES_ERROR;
				CLANG_WARN_EMPTY_BODY = YES;
				CLANG_WARN_ENUM_CONVERSION = YES;
				CLANG_WARN_INFINITE_RECURSION = YES;
				CLANG_WARN_INT_CONVERSION = YES;
				CLANG_WARN_OBJC_ROOT_CLASS = YES_ERROR;
				CLANG_WARN_SUSPICIOUS_MOVE = YES;
				CLANG_WARN_UNREACHABLE_CODE = YES;
				CLANG_WARN__DUPLICATE_METHOD_MATCH = YES;
				"CODE_SIGN_IDENTITY[sdk=iphoneos*]" = "iPhone Developer";
				COPY_PHASE_STRIP = NO;
				DEBUG_INFORMATION_FORMAT = "dwarf-with-dsym";
				ENABLE_NS_ASSERTIONS = NO;
				ENABLE_STRICT_OBJC_MSGSEND = YES;
				GCC_C_LANGUAGE_STANDARD = gnu99;
				GCC_NO_COMMON_BLOCKS = YES;
				GCC_WARN_64_TO_32_BIT_CONVERSION = YES;
				GCC_WARN_ABOUT_RETURN_TYPE = YES_ERROR;
				GCC_WARN_UNDECLARED_SELECTOR = YES;
				GCC_WARN_UNINITIALIZED_AUTOS = YES_AGGRESSIVE;
				GCC_WARN_UNUSED_FUNCTION = YES;
				GCC_WARN_UNUSED_VARIABLE = YES;
				IPHONEOS_DEPLOYMENT_TARGET = 10.0;
				MTL_ENABLE_DEBUG_INFO = NO;
				SDKROOT = iphoneos;
				TARGETED_DEVICE_FAMILY = "1,2";
				VALIDATE_PRODUCT = YES;
			};
			name = Release;
		};
		AE40C7791CB2B50B00CC7B97 /* Debug */ = {
			isa = XCBuildConfiguration;
			buildSettings = {
				ASSETCATALOG_COMPILER_APPICON_NAME = AppIcon;
				FRAMEWORK_SEARCH_PATHS = (
					"$(inherited)",
					"$(PROJECT_DIR)/Carthage/Build/iOS",
				);
				INFOPLIST_FILE = tutorial2/Info.plist;
				LD_RUNPATH_SEARCH_PATHS = "$(inherited) @executable_path/Frameworks";
				PRODUCT_BUNDLE_IDENTIFIER = com.rabbitmq.tutorial2;
				PRODUCT_NAME = "$(TARGET_NAME)";
			};
			name = Debug;
		};
		AE40C77A1CB2B50B00CC7B97 /* Release */ = {
			isa = XCBuildConfiguration;
			buildSettings = {
				ASSETCATALOG_COMPILER_APPICON_NAME = AppIcon;
				FRAMEWORK_SEARCH_PATHS = (
					"$(inherited)",
					"$(PROJECT_DIR)/Carthage/Build/iOS",
				);
				INFOPLIST_FILE = tutorial2/Info.plist;
				LD_RUNPATH_SEARCH_PATHS = "$(inherited) @executable_path/Frameworks";
				PRODUCT_BUNDLE_IDENTIFIER = com.rabbitmq.tutorial2;
				PRODUCT_NAME = "$(TARGET_NAME)";
			};
			name = Release;
		};
/* End XCBuildConfiguration section */

/* Begin XCConfigurationList section */
		AE40C75C1CB2B50B00CC7B97 /* Build configuration list for PBXProject "tutorial2" */ = {
			isa = XCConfigurationList;
			buildConfigurations = (
				AE40C7761CB2B50B00CC7B97 /* Debug */,
				AE40C7771CB2B50B00CC7B97 /* Release */,
			);
			defaultConfigurationIsVisible = 0;
			defaultConfigurationName = Release;
		};
		AE40C7781CB2B50B00CC7B97 /* Build configuration list for PBXNativeTarget "tutorial2" */ = {
			isa = XCConfigurationList;
			buildConfigurations = (
				AE40C7791CB2B50B00CC7B97 /* Debug */,
				AE40C77A1CB2B50B00CC7B97 /* Release */,
			);
			defaultConfigurationIsVisible = 0;
			defaultConfigurationName = Release;
		};
/* End XCConfigurationList section */
	};
	rootObject = AE40C7591CB2B50B00CC7B97 /* Project object */;
}
